
Microsoft Visual Studio Solution File, Format Version 12.00
# Visual Studio 2012
Project("{8BC9CEB8-8B4A-11D0-8D11-00A0C91BC942}") = "PktConverter", "PktConverter\PktConverter.vcxproj", "{04C4FB69-9C04-414C-A8C6-D08525BFA9FF}"
EndProject
Global
	GlobalSection(SolutionConfigurationPlatforms) = preSolution
		Debug|Win32 = Debug|Win32
		Release|Win32 = Release|Win32
	EndGlobalSection
	GlobalSection(ProjectConfigurationPlatforms) = postSolution
		{04C4FB69-9C04-414C-A8C6-D08525BFA9FF}.Debug|Win32.ActiveCfg = Debug|Win32
		{04C4FB69-9C04-414C-A8C6-D08525BFA9FF}.Debug|Win32.Build.0 = Debug|Win32
		{04C4FB69-9C04-414C-A8C6-D08525BFA9FF}.Release|Win32.ActiveCfg = Release|Win32
		{04C4FB69-9C04-414C-A8C6-D08525BFA9FF}.Release|Win32.Build.0 = Release|Win32
	EndGlobalSection
	GlobalSection(SolutionProperties) = preSolution
		HideSolutionNode = FALSE
	EndGlobalSection
EndGlobal
